
Microsoft Visual Studio Solution File, Format Version 12.00
# Visual Studio Version 17
VisualStudioVersion = 17.13.35825.156 d17.13
MinimumVisualStudioVersion = 10.0.40219.1
Project("{FAE04EC0-301F-11D3-BF4B-00C04F79EFBC}") = "TaskManagementSystem.Application", "TaskManagementSystem.Application\TaskManagementSystem.Application.csproj", "{8FDB0090-14F1-4822-B8E9-4669301E8CD8}"
EndProject
Project("{FAE04EC0-301F-11D3-BF4B-00C04F79EFBC}") = "TaskManagementSystem.Core", "TaskManagementSystem.Core\TaskManagementSystem.Core.csproj", "{D05F95A2-355A-4F64-A227-30839358D486}"
EndProject
Project("{FAE04EC0-301F-11D3-BF4B-00C04F79EFBC}") = "TaskManagementSystem.Infrastructure", "TaskManagementSystem.Infrastructure\TaskManagementSystem.Infrastructure.csproj", "{5D20202D-47EE-46EC-98FC-7087E0E7BC8C}"
EndProject
Project("{FAE04EC0-301F-11D3-BF4B-00C04F79EFBC}") = "TaskManagementSystem.Web", "TaskManagementSystem.Web\TaskManagementSystem.Web.csproj", "{2E3A69F0-73F8-4DEC-9FCA-AC86D60195B6}"
EndProject
Global
	GlobalSection(SolutionConfigurationPlatforms) = preSolution
		Debug|Any CPU = Debug|Any CPU
		Release|Any CPU = Release|Any CPU
	EndGlobalSection
	GlobalSection(ProjectConfigurationPlatforms) = postSolution
		{8FDB0090-14F1-4822-B8E9-4669301E8CD8}.Debug|Any CPU.ActiveCfg = Debug|Any CPU
		{8FDB0090-14F1-4822-B8E9-4669301E8CD8}.Debug|Any CPU.Build.0 = Debug|Any CPU
		{8FDB0090-14F1-4822-B8E9-4669301E8CD8}.Release|Any CPU.ActiveCfg = Release|Any CPU
		{8FDB0090-14F1-4822-B8E9-4669301E8CD8}.Release|Any CPU.Build.0 = Release|Any CPU
		{D05F95A2-355A-4F64-A227-30839358D486}.Debug|Any CPU.ActiveCfg = Debug|Any CPU
		{D05F95A2-355A-4F64-A227-30839358D486}.Debug|Any CPU.Build.0 = Debug|Any CPU
		{D05F95A2-355A-4F64-A227-30839358D486}.Release|Any CPU.ActiveCfg = Release|Any CPU
		{D05F95A2-355A-4F64-A227-30839358D486}.Release|Any CPU.Build.0 = Release|Any CPU
		{5D20202D-47EE-46EC-98FC-7087E0E7BC8C}.Debug|Any CPU.ActiveCfg = Debug|Any CPU
		{5D20202D-47EE-46EC-98FC-7087E0E7BC8C}.Debug|Any CPU.Build.0 = Debug|Any CPU
		{5D20202D-47EE-46EC-98FC-7087E0E7BC8C}.Release|Any CPU.ActiveCfg = Release|Any CPU
		{5D20202D-47EE-46EC-98FC-7087E0E7BC8C}.Release|Any CPU.Build.0 = Release|Any CPU
		{2E3A69F0-73F8-4DEC-9FCA-AC86D60195B6}.Debug|Any CPU.ActiveCfg = Debug|Any CPU
		{2E3A69F0-73F8-4DEC-9FCA-AC86D60195B6}.Debug|Any CPU.Build.0 = Debug|Any CPU
		{2E3A69F0-73F8-4DEC-9FCA-AC86D60195B6}.Release|Any CPU.ActiveCfg = Release|Any CPU
		{2E3A69F0-73F8-4DEC-9FCA-AC86D60195B6}.Release|Any CPU.Build.0 = Release|Any CPU
	EndGlobalSection
	GlobalSection(SolutionProperties) = preSolution
		HideSolutionNode = FALSE
	EndGlobalSection
	GlobalSection(ExtensibilityGlobals) = postSolution
		SolutionGuid = {1FEFB5B7-BD7D-4410-9708-B42CF15939E6}
	EndGlobalSection
EndGlobal
